
Microsoft Visual Studio Solution File, Format Version 12.00
# Visual Studio 15
VisualStudioVersion = 15.0.28307.329
MinimumVisualStudioVersion = 10.0.40219.1
Project("{FAE04EC0-301F-11D3-BF4B-00C04F79EFBC}") = "SendEmail", "SendEmail\SendEmail.csproj", "{2DC3A86B-2956-489B-BD00-EA1ED1EC19D8}"
EndProject
Global
	GlobalSection(SolutionConfigurationPlatforms) = preSolution
		Debug|Any CPU = Debug|Any CPU
		Release|Any CPU = Release|Any CPU
	EndGlobalSection
	GlobalSection(ProjectConfigurationPlatforms) = postSolution
		{2DC3A86B-2956-489B-BD00-EA1ED1EC19D8}.Debug|Any CPU.ActiveCfg = Debug|Any CPU
		{2DC3A86B-2956-489B-BD00-EA1ED1EC19D8}.Debug|Any CPU.Build.0 = Debug|Any CPU
		{2DC3A86B-2956-489B-BD00-EA1ED1EC19D8}.Release|Any CPU.ActiveCfg = Release|Any CPU
		{2DC3A86B-2956-489B-BD00-EA1ED1EC19D8}.Release|Any CPU.Build.0 = Release|Any CPU
	EndGlobalSection
	GlobalSection(SolutionProperties) = preSolution
		HideSolutionNode = FALSE
	EndGlobalSection
	GlobalSection(ExtensibilityGlobals) = postSolution
		SolutionGuid = {DD5436E2-1FBC-46DE-8066-CFBB9C78118C}
	EndGlobalSection
EndGlobal
